
Microsoft Visual Studio Solution File, Format Version 12.00
# Visual Studio Version 16
VisualStudioVersion = 16.0.31410.357
MinimumVisualStudioVersion = 10.0.40219.1
Project("{FAE04EC0-301F-11D3-BF4B-00C04F79EFBC}") = "XamarinBasicCalculator.Android", "XamarinBasicCalculator\XamarinBasicCalculator.Android\XamarinBasicCalculator.Android.csproj", "{72D5FAB0-F682-40CB-BFE1-999423CCB581}"
EndProject
Project("{FAE04EC0-301F-11D3-BF4B-00C04F79EFBC}") = "XamarinBasicCalculator.iOS", "XamarinBasicCalculator\XamarinBasicCalculator.iOS\XamarinBasicCalculator.iOS.csproj", "{3ADE099B-34A6-45F1-BD13-3A992196C6FC}"
EndProject
Project("{FAE04EC0-301F-11D3-BF4B-00C04F79EFBC}") = "XamarinBasicCalculator", "XamarinBasicCalculator\XamarinBasicCalculator\XamarinBasicCalculator.csproj", "{FC269D5D-BABC-4515-B72D-C73860CA0679}"
EndProject
Global
	GlobalSection(SolutionConfigurationPlatforms) = preSolution
		Debug|Any CPU = Debug|Any CPU
		Debug|iPhone = Debug|iPhone
		Debug|iPhoneSimulator = Debug|iPhoneSimulator
		Release|Any CPU = Release|Any CPU
		Release|iPhone = Release|iPhone
		Release|iPhoneSimulator = Release|iPhoneSimulator
	EndGlobalSection
	GlobalSection(ProjectConfigurationPlatforms) = postSolution
		{72D5FAB0-F682-40CB-BFE1-999423CCB581}.Debug|Any CPU.ActiveCfg = Debug|Any CPU
		{72D5FAB0-F682-40CB-BFE1-999423CCB581}.Debug|Any CPU.Build.0 = Debug|Any CPU
		{72D5FAB0-F682-40CB-BFE1-999423CCB581}.Debug|Any CPU.Deploy.0 = Debug|Any CPU
		{72D5FAB0-F682-40CB-BFE1-999423CCB581}.Debug|iPhone.ActiveCfg = Debug|Any CPU
		{72D5FAB0-F682-40CB-BFE1-999423CCB581}.Debug|iPhone.Build.0 = Debug|Any CPU
		{72D5FAB0-F682-40CB-BFE1-999423CCB581}.Debug|iPhone.Deploy.0 = Debug|Any CPU
		{72D5FAB0-F682-40CB-BFE1-999423CCB581}.Debug|iPhoneSimulator.ActiveCfg = Debug|Any CPU
		{72D5FAB0-F682-40CB-BFE1-999423CCB581}.Debug|iPhoneSimulator.Build.0 = Debug|Any CPU
		{72D5FAB0-F682-40CB-BFE1-999423CCB581}.Debug|iPhoneSimulator.Deploy.0 = Debug|Any CPU
		{72D5FAB0-F682-40CB-BFE1-999423CCB581}.Release|Any CPU.ActiveCfg = Release|Any CPU
		{72D5FAB0-F682-40CB-BFE1-999423CCB581}.Release|Any CPU.Build.0 = Release|Any CPU
		{72D5FAB0-F682-40CB-BFE1-999423CCB581}.Release|Any CPU.Deploy.0 = Release|Any CPU
		{72D5FAB0-F682-40CB-BFE1-999423CCB581}.Release|iPhone.ActiveCfg = Release|Any CPU
		{72D5FAB0-F682-40CB-BFE1-999423CCB581}.Release|iPhone.Build.0 = Release|Any CPU
		{72D5FAB0-F682-40CB-BFE1-999423CCB581}.Release|iPhone.Deploy.0 = Release|Any CPU
		{72D5FAB0-F682-40CB-BFE1-999423CCB581}.Release|iPhoneSimulator.ActiveCfg = Release|Any CPU
		{72D5FAB0-F682-40CB-BFE1-999423CCB581}.Release|iPhoneSimulator.Build.0 = Release|Any CPU
		{72D5FAB0-F682-40CB-BFE1-999423CCB581}.Release|iPhoneSimulator.Deploy.0 = Release|Any CPU
		{3ADE099B-34A6-45F1-BD13-3A992196C6FC}.Debug|Any CPU.ActiveCfg = Debug|iPhone
		{3ADE099B-34A6-45F1-BD13-3A992196C6FC}.Debug|Any CPU.Build.0 = Debug|iPhone
		{3ADE099B-34A6-45F1-BD13-3A992196C6FC}.Debug|Any CPU.Deploy.0 = Debug|iPhone
		{3ADE099B-34A6-45F1-BD13-3A992196C6FC}.Debug|iPhone.ActiveCfg = Debug|iPhone
		{3ADE099B-34A6-45F1-BD13-3A992196C6FC}.Debug|iPhone.Build.0 = Debug|iPhone
		{3ADE099B-34A6-45F1-BD13-3A992196C6FC}.Debug|iPhone.Deploy.0 = Debug|iPhone
		{3ADE099B-34A6-45F1-BD13-3A992196C6FC}.Debug|iPhoneSimulator.ActiveCfg = Debug|iPhoneSimulator
		{3ADE099B-34A6-45F1-BD13-3A992196C6FC}.Debug|iPhoneSimulator.Build.0 = Debug|iPhoneSimulator
		{3ADE099B-34A6-45F1-BD13-3A992196C6FC}.Debug|iPhoneSimulator.Deploy.0 = Debug|iPhoneSimulator
		{3ADE099B-34A6-45F1-BD13-3A992196C6FC}.Release|Any CPU.ActiveCfg = Release|iPhoneSimulator
		{3ADE099B-34A6-45F1-BD13-3A992196C6FC}.Release|Any CPU.Build.0 = Release|iPhoneSimulator
		{3ADE099B-34A6-45F1-BD13-3A992196C6FC}.Release|Any CPU.Deploy.0 = Release|iPhoneSimulator
		{3ADE099B-34A6-45F1-BD13-3A992196C6FC}.Release|iPhone.ActiveCfg = Release|iPhone
		{3ADE099B-34A6-45F1-BD13-3A992196C6FC}.Release|iPhone.Build.0 = Release|iPhone
		{3ADE099B-34A6-45F1-BD13-3A992196C6FC}.Release|iPhone.Deploy.0 = Release|iPhone
		{3ADE099B-34A6-45F1-BD13-3A992196C6FC}.Release|iPhoneSimulator.ActiveCfg = Release|iPhoneSimulator
		{3ADE099B-34A6-45F1-BD13-3A992196C6FC}.Release|iPhoneSimulator.Build.0 = Release|iPhoneSimulator
		{3ADE099B-34A6-45F1-BD13-3A992196C6FC}.Release|iPhoneSimulator.Deploy.0 = Release|iPhoneSimulator
		{FC269D5D-BABC-4515-B72D-C73860CA0679}.Debug|Any CPU.ActiveCfg = Debug|Any CPU
		{FC269D5D-BABC-4515-B72D-C73860CA0679}.Debug|Any CPU.Build.0 = Debug|Any CPU
		{FC269D5D-BABC-4515-B72D-C73860CA0679}.Debug|Any CPU.Deploy.0 = Debug|Any CPU
		{FC269D5D-BABC-4515-B72D-C73860CA0679}.Debug|iPhone.ActiveCfg = Debug|Any CPU
		{FC269D5D-BABC-4515-B72D-C73860CA0679}.Debug|iPhone.Build.0 = Debug|Any CPU
		{FC269D5D-BABC-4515-B72D-C73860CA0679}.Debug|iPhone.Deploy.0 = Debug|Any CPU
		{FC269D5D-BABC-4515-B72D-C73860CA0679}.Debug|iPhoneSimulator.ActiveCfg = Debug|Any CPU
		{FC269D5D-BABC-4515-B72D-C73860CA0679}.Debug|iPhoneSimulator.Build.0 = Debug|Any CPU
		{FC269D5D-BABC-4515-B72D-C73860CA0679}.Debug|iPhoneSimulator.Deploy.0 = Debug|Any CPU
		{FC269D5D-BABC-4515-B72D-C73860CA0679}.Release|Any CPU.ActiveCfg = Release|Any CPU
		{FC269D5D-BABC-4515-B72D-C73860CA0679}.Release|Any CPU.Build.0 = Release|Any CPU
		{FC269D5D-BABC-4515-B72D-C73860CA0679}.Release|Any CPU.Deploy.0 = Release|Any CPU
		{FC269D5D-BABC-4515-B72D-C73860CA0679}.Release|iPhone.ActiveCfg = Release|Any CPU
		{FC269D5D-BABC-4515-B72D-C73860CA0679}.Release|iPhone.Build.0 = Release|Any CPU
		{FC269D5D-BABC-4515-B72D-C73860CA0679}.Release|iPhone.Deploy.0 = Release|Any CPU
		{FC269D5D-BABC-4515-B72D-C73860CA0679}.Release|iPhoneSimulator.ActiveCfg = Release|Any CPU
		{FC269D5D-BABC-4515-B72D-C73860CA0679}.Release|iPhoneSimulator.Build.0 = Release|Any CPU
		{FC269D5D-BABC-4515-B72D-C73860CA0679}.Release|iPhoneSimulator.Deploy.0 = Release|Any CPU
	EndGlobalSection
	GlobalSection(SolutionProperties) = preSolution
		HideSolutionNode = FALSE
	EndGlobalSection
	GlobalSection(ExtensibilityGlobals) = postSolution
		SolutionGuid = {0CE768B8-4CA0-488B-865D-416498EB8FF5}
	EndGlobalSection
EndGlobal
